
Microsoft Visual Studio Solution File, Format Version 12.00
# Visual Studio Version 17
VisualStudioVersion = 17.1.32328.378
MinimumVisualStudioVersion = 10.0.40219.1
Project("{FAE04EC0-301F-11D3-BF4B-00C04F79EFBC}") = "Gagan", "Gagan\Gagan.csproj", "{EF928CF4-9BE3-48F3-843C-FEC258D09F27}"
EndProject
Global
	GlobalSection(SolutionConfigurationPlatforms) = preSolution
		Debug|Any CPU = Debug|Any CPU
		Release|Any CPU = Release|Any CPU
	EndGlobalSection
	GlobalSection(ProjectConfigurationPlatforms) = postSolution
		{EF928CF4-9BE3-48F3-843C-FEC258D09F27}.Debug|Any CPU.ActiveCfg = Debug|Any CPU
		{EF928CF4-9BE3-48F3-843C-FEC258D09F27}.Debug|Any CPU.Build.0 = Debug|Any CPU
		{EF928CF4-9BE3-48F3-843C-FEC258D09F27}.Release|Any CPU.ActiveCfg = Release|Any CPU
		{EF928CF4-9BE3-48F3-843C-FEC258D09F27}.Release|Any CPU.Build.0 = Release|Any CPU
	EndGlobalSection
	GlobalSection(SolutionProperties) = preSolution
		HideSolutionNode = FALSE
	EndGlobalSection
	GlobalSection(ExtensibilityGlobals) = postSolution
		SolutionGuid = {49B1D6B1-79AD-4183-BF89-98D54FCC0B29}
	EndGlobalSection
EndGlobal
